
Microsoft Visual Studio Solution File, Format Version 12.00
# Visual Studio Version 16
VisualStudioVersion = 16.0.30413.136
MinimumVisualStudioVersion = 10.0.40219.1
Project("{FAE04EC0-301F-11D3-BF4B-00C04F79EFBC}") = "MyCms", "MyCms\MyCms.csproj", "{66AB4B74-3E85-4C97-B960-565A9C6C93CF}"
EndProject
Global
	GlobalSection(SolutionConfigurationPlatforms) = preSolution
		Debug|Any CPU = Debug|Any CPU
		Release|Any CPU = Release|Any CPU
	EndGlobalSection
	GlobalSection(ProjectConfigurationPlatforms) = postSolution
		{66AB4B74-3E85-4C97-B960-565A9C6C93CF}.Debug|Any CPU.ActiveCfg = Debug|Any CPU
		{66AB4B74-3E85-4C97-B960-565A9C6C93CF}.Debug|Any CPU.Build.0 = Debug|Any CPU
		{66AB4B74-3E85-4C97-B960-565A9C6C93CF}.Release|Any CPU.ActiveCfg = Release|Any CPU
		{66AB4B74-3E85-4C97-B960-565A9C6C93CF}.Release|Any CPU.Build.0 = Release|Any CPU
	EndGlobalSection
	GlobalSection(SolutionProperties) = preSolution
		HideSolutionNode = FALSE
	EndGlobalSection
	GlobalSection(ExtensibilityGlobals) = postSolution
		SolutionGuid = {3191986E-B3D3-4CA0-9369-672312D56A65}
	EndGlobalSection
EndGlobal
